{
  "version": 4,
  "terraform_version": "1.8.5",
  "serial": 704,
  "lineage": "4daa4303-3e74-b653-4f52-3791f0797bc3",
  "outputs": {
    "bastion_ip_address": {
      "value": "158.160.116.247",
      "type": "string"
    }
  },
  "resources": [
    {
      "mode": "managed",
      "type": "local_file",
      "name": "external_ip_file",
      "provider": "provider[\"registry.terraform.io/hashicorp/local\"]",
      "instances": [
        {
          "schema_version": 0,
          "attributes": {
            "content": "158.160.116.247",
            "content_base64": null,
            "content_base64sha256": "rKKvTg5ae2/3Wkqee/2uErzOoj481Lq7yV+2cglxowI=",
            "content_base64sha512": "xQn2U4xiFD0LK4ZY6FXQ1IHLUkwBV13VXYXKypzwnWBFyI7888ppZ7orD4jjWEXD0RZtWen9v8K2qUGVSXksGA==",
            "content_md5": "96ec6be0ad1749db365f80699f1bc4c1",
            "content_sha1": "3af1259f8904c01f4b2e557b8e28de5736fcc1f1",
            "content_sha256": "aca2af4e0e5a7b6ff75a4a9e7bfdae12bccea23e3cd4babbc95fb6720971a302",
            "content_sha512": "c509f6538c62143d0b2b8658e855d0d481cb524c01575dd55d85caca9cf09d6045c88efcf3ca6967ba2b0f88e35845c3d1166d59e9fdbfc2b6a9419549792c18",
            "directory_permission": "0777",
            "file_permission": "0777",
            "filename": "/home/xussein/yc/bastion_ip.txt",
            "id": "3af1259f8904c01f4b2e557b8e28de5736fcc1f1",
            "sensitive_content": null,
            "source": null
          },
          "sensitive_attributes": [
            [
              {
                "type": "get_attr",
                "value": "sensitive_content"
              }
            ]
          ],
          "dependencies": [
            "yandex_compute_instance.bastion",
            "yandex_vpc_network.main",
            "yandex_vpc_subnet.public"
          ]
        }
      ]
    },
    {
      "mode": "managed",
      "type": "yandex_alb_backend_group",
      "name": "web_servers_backend_group",
      "provider": "provider[\"registry.terraform.io/yandex-cloud/yandex\"]",
      "instances": [
        {
          "schema_version": 0,
          "attributes": {
            "created_at": "2024-06-15T20:12:04Z",
            "description": "",
            "folder_id": "b1ghitn6n7m4ui0tnhfd",
            "grpc_backend": [],
            "http_backend": [
              {
                "healthcheck": [
                  {
                    "grpc_healthcheck": [],
                    "healthcheck_port": 80,
                    "healthy_threshold": 0,
                    "http_healthcheck": [
                      {
                        "host": "",
                        "http2": false,
                        "path": "/"
                      }
                    ],
                    "interval": "2s",
                    "interval_jitter_percent": 0,
                    "stream_healthcheck": [],
                    "timeout": "10s",
                    "unhealthy_threshold": 0
                  }
                ],
                "http2": false,
                "load_balancing_config": [],
                "name": "http-backend",
                "port": 80,
                "storage_bucket": "",
                "target_group_ids": [
                  "ds7gl9b5secohlcreauo"
                ],
                "tls": [],
                "weight": 1
              }
            ],
            "id": "ds7ls9mep0tol2coq2hv",
            "labels": {},
            "name": "web-servers-backend-group",
            "session_affinity": [],
            "stream_backend": [],
            "timeouts": null
          },
          "sensitive_attributes": [],
          "private": "eyJlMmJmYjczMC1lY2FhLTExZTYtOGY4OC0zNDM2M2JjN2M0YzAiOnsiY3JlYXRlIjozMDAwMDAwMDAwMDAsImRlbGV0ZSI6MzAwMDAwMDAwMDAwLCJ1cGRhdGUiOjMwMDAwMDAwMDAwMH19",
          "dependencies": [
            "yandex_alb_target_group.web_servers_target_group",
            "yandex_compute_instance.web_server_1",
            "yandex_compute_instance.web_server_2",
            "yandex_vpc_network.main",
            "yandex_vpc_subnet.private-a",
            "yandex_vpc_subnet.private-b"
          ]
        }
      ]
    },
    {
      "mode": "managed",
      "type": "yandex_alb_http_router",
      "name": "http_router",
      "provider": "provider[\"registry.terraform.io/yandex-cloud/yandex\"]",
      "instances": [
        {
          "schema_version": 0,
          "attributes": {
            "created_at": "2024-06-15T20:11:25Z",
            "description": "",
            "folder_id": "b1ghitn6n7m4ui0tnhfd",
            "id": "ds71ggk1pg3pvcgp40sp",
            "labels": {},
            "name": "http-router",
            "route_options": [],
            "timeouts": null
          },
          "sensitive_attributes": [],
          "private": "eyJlMmJmYjczMC1lY2FhLTExZTYtOGY4OC0zNDM2M2JjN2M0YzAiOnsiY3JlYXRlIjozMDAwMDAwMDAwMDAsImRlbGV0ZSI6MzAwMDAwMDAwMDAwLCJ1cGRhdGUiOjMwMDAwMDAwMDAwMH19"
        }
      ]
    },
    {
      "mode": "managed",
      "type": "yandex_alb_load_balancer",
      "name": "application_load_balancer",
      "provider": "provider[\"registry.terraform.io/yandex-cloud/yandex\"]",
      "instances": [
        {
          "schema_version": 0,
          "attributes": {
            "allocation_policy": [
              {
                "location": [
                  {
                    "disable_traffic": false,
                    "subnet_id": "e2ls1goomntj3aa1etpm",
                    "zone_id": "ru-central1-b"
                  },
                  {
                    "disable_traffic": false,
                    "subnet_id": "e9ba8h58o7kkraa03efj",
                    "zone_id": "ru-central1-a"
                  }
                ]
              }
            ],
            "created_at": "2024-06-15T20:11:29Z",
            "description": "",
            "folder_id": "b1ghitn6n7m4ui0tnhfd",
            "id": "ds7f5ejo8n02vs5qb7ao",
            "labels": {},
            "listener": [
              {
                "endpoint": [
                  {
                    "address": [
                      {
                        "external_ipv4_address": [
                          {
                            "address": "158.160.168.48"
                          }
                        ],
                        "external_ipv6_address": [],
                        "internal_ipv4_address": []
                      }
                    ],
                    "ports": [
                      80
                    ]
                  }
                ],
                "http": [
                  {
                    "handler": [
                      {
                        "allow_http10": false,
                        "http2_options": [],
                        "http_router_id": "ds71ggk1pg3pvcgp40sp",
                        "rewrite_request_id": false
                      }
                    ],
                    "redirects": []
                  }
                ],
                "name": "alb-listener",
                "stream": [],
                "tls": []
              }
            ],
            "log_group_id": "",
            "log_options": [],
            "name": "alb-main",
            "network_id": "enp83uam69ocjmbfk7h0",
            "region_id": "",
            "security_group_ids": [],
            "status": "active",
            "timeouts": null
          },
          "sensitive_attributes": [],
          "private": "eyJlMmJmYjczMC1lY2FhLTExZTYtOGY4OC0zNDM2M2JjN2M0YzAiOnsiY3JlYXRlIjo2MDAwMDAwMDAwMDAsImRlbGV0ZSI6NjAwMDAwMDAwMDAwLCJ1cGRhdGUiOjYwMDAwMDAwMDAwMH19",
          "dependencies": [
            "yandex_alb_http_router.http_router",
            "yandex_vpc_network.main",
            "yandex_vpc_subnet.private-a",
            "yandex_vpc_subnet.private-b"
          ]
        }
      ]
    },
    {
      "mode": "managed",
      "type": "yandex_alb_target_group",
      "name": "web_servers_target_group",
      "provider": "provider[\"registry.terraform.io/yandex-cloud/yandex\"]",
      "instances": [
        {
          "schema_version": 0,
          "attributes": {
            "created_at": "2024-06-15T20:12:04Z",
            "description": "",
            "folder_id": "b1ghitn6n7m4ui0tnhfd",
            "id": "ds7gl9b5secohlcreauo",
            "labels": {},
            "name": "web-servers-target-group",
            "target": [
              {
                "ip_address": "10.0.2.5",
                "private_ipv4_address": false,
                "subnet_id": "e9ba8h58o7kkraa03efj"
              },
              {
                "ip_address": "10.0.3.23",
                "private_ipv4_address": false,
                "subnet_id": "e2ls1goomntj3aa1etpm"
              }
            ],
            "timeouts": null
          },
          "sensitive_attributes": [],
          "private": "eyJlMmJmYjczMC1lY2FhLTExZTYtOGY4OC0zNDM2M2JjN2M0YzAiOnsiY3JlYXRlIjozMDAwMDAwMDAwMDAsImRlbGV0ZSI6MzAwMDAwMDAwMDAwLCJ1cGRhdGUiOjMwMDAwMDAwMDAwMH19",
          "dependencies": [
            "yandex_compute_instance.web_server_1",
            "yandex_compute_instance.web_server_2",
            "yandex_vpc_network.main",
            "yandex_vpc_subnet.private-a",
            "yandex_vpc_subnet.private-b"
          ]
        }
      ]
    },
    {
      "mode": "managed",
      "type": "yandex_alb_virtual_host",
      "name": "name",
      "provider": "provider[\"registry.terraform.io/yandex-cloud/yandex\"]",
      "instances": [
        {
          "schema_version": 0,
          "attributes": {
            "authority": [],
            "http_router_id": "ds71ggk1pg3pvcgp40sp",
            "id": "ds71ggk1pg3pvcgp40sp/alb-host",
            "modify_request_headers": [],
            "modify_response_headers": [],
            "name": "alb-host",
            "route": [
              {
                "grpc_route": [],
                "http_route": [
                  {
                    "direct_response_action": [],
                    "http_match": [],
                    "http_route_action": [
                      {
                        "auto_host_rewrite": false,
                        "backend_group_id": "ds7ls9mep0tol2coq2hv",
                        "host_rewrite": "",
                        "idle_timeout": "",
                        "prefix_rewrite": "",
                        "timeout": "",
                        "upgrade_types": []
                      }
                    ],
                    "redirect_action": []
                  }
                ],
                "name": "main-route",
                "route_options": []
              }
            ],
            "route_options": [],
            "timeouts": null
          },
          "sensitive_attributes": [],
          "private": "eyJlMmJmYjczMC1lY2FhLTExZTYtOGY4OC0zNDM2M2JjN2M0YzAiOnsiY3JlYXRlIjozMDAwMDAwMDAwMDAsImRlbGV0ZSI6MzAwMDAwMDAwMDAwLCJ1cGRhdGUiOjMwMDAwMDAwMDAwMH19",
          "dependencies": [
            "yandex_alb_backend_group.web_servers_backend_group",
            "yandex_alb_http_router.http_router",
            "yandex_alb_target_group.web_servers_target_group",
            "yandex_compute_instance.web_server_1",
            "yandex_compute_instance.web_server_2",
            "yandex_vpc_network.main",
            "yandex_vpc_subnet.private-a",
            "yandex_vpc_subnet.private-b"
          ]
        }
      ]
    },
    {
      "mode": "managed",
      "type": "yandex_compute_instance",
      "name": "bastion",
      "provider": "provider[\"registry.terraform.io/yandex-cloud/yandex\"]",
      "instances": [
        {
          "schema_version": 1,
          "attributes": {
            "allow_recreate": null,
            "allow_stopping_for_update": null,
            "boot_disk": [
              {
                "auto_delete": true,
                "device_name": "fhmihhisfnafbf1lin9h",
                "disk_id": "fhmihhisfnafbf1lin9h",
                "initialize_params": [
                  {
                    "block_size": 4096,
                    "description": "",
                    "image_id": "fd8re3hiqnikqr7j7m8s",
                    "name": "",
                    "size": 10,
                    "snapshot_id": "",
                    "type": "network-hdd"
                  }
                ],
                "mode": "READ_WRITE"
              }
            ],
            "created_at": "2024-06-15T20:11:29Z",
            "description": "",
            "filesystem": [],
            "folder_id": "b1ghitn6n7m4ui0tnhfd",
            "fqdn": "bastion.ru-central1.internal",
            "gpu_cluster_id": "",
            "hostname": "bastion",
            "id": "fhmnlh4eettms843k2qa",
            "labels": {},
            "local_disk": [],
            "maintenance_grace_period": "",
            "maintenance_policy": null,
            "metadata": {
              "ssh-keys": "xussein:ssh-rsa AAAAB3NzaC1yc2EAAAADAQABAAABgQCmS2Fsvpsk/Ml29YWqAnv2VWmoZnKsRKG8D8b1lO0J7u4tF0PkF/VifS13QI9/DE89jkOyubRiUX6T+6Cipgu0mbq0yODW2l/kEn1y6/wh9FHIBiy+a1W6vpHRPUgOoO33sA2y1Q+CU7cxfiCJxydyl2yH9/Mpy5xduyTPIQcllChE+nudfKVNrc0rX5PTjk5hFMtt6U6Apr9w2+cVvAu1FiHk/yBB5AcbaF2u/obKxKuzbuOtkI3unayBrfdKtS0Mgbuq7CDTogYncJGAg+nioLNLpKHIu3QNj17RC7Yb/0VKrczAiXIEY1KVXuhkYE4FqCQ2OWPuqnhIYxLv2UVeiL5crfIDv/t1VkUiH4MI6cZcgS/jLeCzbDUxDWkS2HpvwujFzQzHeIlXHh6Ot2Weh7a7FaSoebFFeHc/vFpIyDQbcBZeoLGaJbFQiLLW79UARhYBjJBd1H37d1ln7x30ylUWzvxLlRxuRo1RoyQDkKaDNkQ2u2OUPrMTVgAKoUc= xussein@diploma\n"
            },
            "metadata_options": [
              {
                "aws_v1_http_endpoint": 1,
                "aws_v1_http_token": 2,
                "gce_http_endpoint": 1,
                "gce_http_token": 1
              }
            ],
            "name": "bastion",
            "network_acceleration_type": "standard",
            "network_interface": [
              {
                "dns_record": [],
                "index": 0,
                "ip_address": "10.0.4.30",
                "ipv4": true,
                "ipv6": false,
                "ipv6_address": "",
                "ipv6_dns_record": [],
                "mac_address": "d0:0d:17:ac:48:e7",
                "nat": true,
                "nat_dns_record": [],
                "nat_ip_address": "158.160.116.247",
                "nat_ip_version": "IPV4",
                "security_group_ids": [],
                "subnet_id": "e9b5p7re4fhdp4kkesjf"
              }
            ],
            "placement_policy": [
              {
                "host_affinity_rules": [],
                "placement_group_id": "",
                "placement_group_partition": 0
              }
            ],
            "platform_id": "standard-v2",
            "resources": [
              {
                "core_fraction": 100,
                "cores": 2,
                "gpus": 0,
                "memory": 2
              }
            ],
            "scheduling_policy": [
              {
                "preemptible": true
              }
            ],
            "secondary_disk": [],
            "service_account_id": "",
            "status": "running",
            "timeouts": null,
            "zone": "ru-central1-a"
          },
          "sensitive_attributes": [],
          "private": "eyJlMmJmYjczMC1lY2FhLTExZTYtOGY4OC0zNDM2M2JjN2M0YzAiOnsiY3JlYXRlIjozMDAwMDAwMDAwMDAsImRlbGV0ZSI6MzAwMDAwMDAwMDAwLCJ1cGRhdGUiOjMwMDAwMDAwMDAwMH0sInNjaGVtYV92ZXJzaW9uIjoiMSJ9",
          "dependencies": [
            "yandex_vpc_network.main",
            "yandex_vpc_subnet.public"
          ]
        }
      ]
    },
    {
      "mode": "managed",
      "type": "yandex_compute_instance",
      "name": "elasticsearch",
      "provider": "provider[\"registry.terraform.io/yandex-cloud/yandex\"]",
      "instances": [
        {
          "schema_version": 1,
          "attributes": {
            "allow_recreate": null,
            "allow_stopping_for_update": null,
            "boot_disk": [
              {
                "auto_delete": true,
                "device_name": "fhmur3dhdp881ooirroq",
                "disk_id": "fhmur3dhdp881ooirroq",
                "initialize_params": [
                  {
                    "block_size": 4096,
                    "description": "",
                    "image_id": "fd8re3hiqnikqr7j7m8s",
                    "name": "",
                    "size": 10,
                    "snapshot_id": "",
                    "type": "network-hdd"
                  }
                ],
                "mode": "READ_WRITE"
              }
            ],
            "created_at": "2024-06-15T20:11:29Z",
            "description": "",
            "filesystem": [],
            "folder_id": "b1ghitn6n7m4ui0tnhfd",
            "fqdn": "elasticsearch.ru-central1.internal",
            "gpu_cluster_id": "",
            "hostname": "elasticsearch",
            "id": "fhmav403atpq5f556sjq",
            "labels": {},
            "local_disk": [],
            "maintenance_grace_period": "",
            "maintenance_policy": null,
            "metadata": {
              "ssh-keys": "xussein:ssh-rsa AAAAB3NzaC1yc2EAAAADAQABAAABgQCmS2Fsvpsk/Ml29YWqAnv2VWmoZnKsRKG8D8b1lO0J7u4tF0PkF/VifS13QI9/DE89jkOyubRiUX6T+6Cipgu0mbq0yODW2l/kEn1y6/wh9FHIBiy+a1W6vpHRPUgOoO33sA2y1Q+CU7cxfiCJxydyl2yH9/Mpy5xduyTPIQcllChE+nudfKVNrc0rX5PTjk5hFMtt6U6Apr9w2+cVvAu1FiHk/yBB5AcbaF2u/obKxKuzbuOtkI3unayBrfdKtS0Mgbuq7CDTogYncJGAg+nioLNLpKHIu3QNj17RC7Yb/0VKrczAiXIEY1KVXuhkYE4FqCQ2OWPuqnhIYxLv2UVeiL5crfIDv/t1VkUiH4MI6cZcgS/jLeCzbDUxDWkS2HpvwujFzQzHeIlXHh6Ot2Weh7a7FaSoebFFeHc/vFpIyDQbcBZeoLGaJbFQiLLW79UARhYBjJBd1H37d1ln7x30ylUWzvxLlRxuRo1RoyQDkKaDNkQ2u2OUPrMTVgAKoUc= xussein@diploma\n"
            },
            "metadata_options": [
              {
                "aws_v1_http_endpoint": 1,
                "aws_v1_http_token": 2,
                "gce_http_endpoint": 1,
                "gce_http_token": 1
              }
            ],
            "name": "elasticsearch",
            "network_acceleration_type": "standard",
            "network_interface": [
              {
                "dns_record": [],
                "index": 0,
                "ip_address": "10.0.2.11",
                "ipv4": true,
                "ipv6": false,
                "ipv6_address": "",
                "ipv6_dns_record": [],
                "mac_address": "d0:0d:af:90:03:57",
                "nat": false,
                "nat_dns_record": [],
                "nat_ip_address": "",
                "nat_ip_version": "",
                "security_group_ids": [],
                "subnet_id": "e9ba8h58o7kkraa03efj"
              }
            ],
            "placement_policy": [
              {
                "host_affinity_rules": [],
                "placement_group_id": "",
                "placement_group_partition": 0
              }
            ],
            "platform_id": "standard-v2",
            "resources": [
              {
                "core_fraction": 100,
                "cores": 2,
                "gpus": 0,
                "memory": 4
              }
            ],
            "scheduling_policy": [
              {
                "preemptible": true
              }
            ],
            "secondary_disk": [],
            "service_account_id": "",
            "status": "running",
            "timeouts": null,
            "zone": "ru-central1-a"
          },
          "sensitive_attributes": [],
          "private": "eyJlMmJmYjczMC1lY2FhLTExZTYtOGY4OC0zNDM2M2JjN2M0YzAiOnsiY3JlYXRlIjozMDAwMDAwMDAwMDAsImRlbGV0ZSI6MzAwMDAwMDAwMDAwLCJ1cGRhdGUiOjMwMDAwMDAwMDAwMH0sInNjaGVtYV92ZXJzaW9uIjoiMSJ9",
          "dependencies": [
            "yandex_vpc_network.main",
            "yandex_vpc_subnet.private-a"
          ]
        }
      ]
    },
    {
      "mode": "managed",
      "type": "yandex_compute_instance",
      "name": "kibana",
      "provider": "provider[\"registry.terraform.io/yandex-cloud/yandex\"]",
      "instances": [
        {
          "schema_version": 1,
          "attributes": {
            "allow_recreate": null,
            "allow_stopping_for_update": null,
            "boot_disk": [
              {
                "auto_delete": true,
                "device_name": "fhmrdij0tlo1a9ubi1n8",
                "disk_id": "fhmrdij0tlo1a9ubi1n8",
                "initialize_params": [
                  {
                    "block_size": 4096,
                    "description": "",
                    "image_id": "fd8re3hiqnikqr7j7m8s",
                    "name": "",
                    "size": 10,
                    "snapshot_id": "",
                    "type": "network-hdd"
                  }
                ],
                "mode": "READ_WRITE"
              }
            ],
            "created_at": "2024-06-15T20:11:29Z",
            "description": "",
            "filesystem": [],
            "folder_id": "b1ghitn6n7m4ui0tnhfd",
            "fqdn": "kibana.ru-central1.internal",
            "gpu_cluster_id": "",
            "hostname": "kibana",
            "id": "fhmuv6gubcf521qpod4r",
            "labels": {},
            "local_disk": [],
            "maintenance_grace_period": "",
            "maintenance_policy": null,
            "metadata": {
              "ssh-keys": "xussein:ssh-rsa AAAAB3NzaC1yc2EAAAADAQABAAABgQCmS2Fsvpsk/Ml29YWqAnv2VWmoZnKsRKG8D8b1lO0J7u4tF0PkF/VifS13QI9/DE89jkOyubRiUX6T+6Cipgu0mbq0yODW2l/kEn1y6/wh9FHIBiy+a1W6vpHRPUgOoO33sA2y1Q+CU7cxfiCJxydyl2yH9/Mpy5xduyTPIQcllChE+nudfKVNrc0rX5PTjk5hFMtt6U6Apr9w2+cVvAu1FiHk/yBB5AcbaF2u/obKxKuzbuOtkI3unayBrfdKtS0Mgbuq7CDTogYncJGAg+nioLNLpKHIu3QNj17RC7Yb/0VKrczAiXIEY1KVXuhkYE4FqCQ2OWPuqnhIYxLv2UVeiL5crfIDv/t1VkUiH4MI6cZcgS/jLeCzbDUxDWkS2HpvwujFzQzHeIlXHh6Ot2Weh7a7FaSoebFFeHc/vFpIyDQbcBZeoLGaJbFQiLLW79UARhYBjJBd1H37d1ln7x30ylUWzvxLlRxuRo1RoyQDkKaDNkQ2u2OUPrMTVgAKoUc= xussein@diploma\n"
            },
            "metadata_options": [
              {
                "aws_v1_http_endpoint": 1,
                "aws_v1_http_token": 2,
                "gce_http_endpoint": 1,
                "gce_http_token": 1
              }
            ],
            "name": "kibana",
            "network_acceleration_type": "standard",
            "network_interface": [
              {
                "dns_record": [],
                "index": 0,
                "ip_address": "10.0.4.25",
                "ipv4": true,
                "ipv6": false,
                "ipv6_address": "",
                "ipv6_dns_record": [],
                "mac_address": "d0:0d:1e:f9:a1:e5",
                "nat": true,
                "nat_dns_record": [],
                "nat_ip_address": "158.160.63.117",
                "nat_ip_version": "IPV4",
                "security_group_ids": [],
                "subnet_id": "e9b5p7re4fhdp4kkesjf"
              }
            ],
            "placement_policy": [
              {
                "host_affinity_rules": [],
                "placement_group_id": "",
                "placement_group_partition": 0
              }
            ],
            "platform_id": "standard-v2",
            "resources": [
              {
                "core_fraction": 100,
                "cores": 2,
                "gpus": 0,
                "memory": 4
              }
            ],
            "scheduling_policy": [
              {
                "preemptible": false
              }
            ],
            "secondary_disk": [],
            "service_account_id": "",
            "status": "running",
            "timeouts": null,
            "zone": "ru-central1-a"
          },
          "sensitive_attributes": [],
          "private": "eyJlMmJmYjczMC1lY2FhLTExZTYtOGY4OC0zNDM2M2JjN2M0YzAiOnsiY3JlYXRlIjozMDAwMDAwMDAwMDAsImRlbGV0ZSI6MzAwMDAwMDAwMDAwLCJ1cGRhdGUiOjMwMDAwMDAwMDAwMH0sInNjaGVtYV92ZXJzaW9uIjoiMSJ9",
          "dependencies": [
            "yandex_vpc_network.main",
            "yandex_vpc_subnet.public"
          ]
        }
      ]
    },
    {
      "mode": "managed",
      "type": "yandex_compute_instance",
      "name": "web_server_1",
      "provider": "provider[\"registry.terraform.io/yandex-cloud/yandex\"]",
      "instances": [
        {
          "schema_version": 1,
          "attributes": {
            "allow_recreate": null,
            "allow_stopping_for_update": null,
            "boot_disk": [
              {
                "auto_delete": true,
                "device_name": "fhm70vq52ebgc7lk9h9i",
                "disk_id": "fhm70vq52ebgc7lk9h9i",
                "initialize_params": [
                  {
                    "block_size": 4096,
                    "description": "",
                    "image_id": "fd8re3hiqnikqr7j7m8s",
                    "name": "",
                    "size": 10,
                    "snapshot_id": "",
                    "type": "network-hdd"
                  }
                ],
                "mode": "READ_WRITE"
              }
            ],
            "created_at": "2024-06-15T20:11:29Z",
            "description": "",
            "filesystem": [],
            "folder_id": "b1ghitn6n7m4ui0tnhfd",
            "fqdn": "web-server-1.ru-central1.internal",
            "gpu_cluster_id": "",
            "hostname": "web-server-1",
            "id": "fhmtk2ic6vk40cci9kta",
            "labels": {},
            "local_disk": [],
            "maintenance_grace_period": "",
            "maintenance_policy": null,
            "metadata": {
              "ssh-keys": "xussein:ssh-rsa AAAAB3NzaC1yc2EAAAADAQABAAABgQCmS2Fsvpsk/Ml29YWqAnv2VWmoZnKsRKG8D8b1lO0J7u4tF0PkF/VifS13QI9/DE89jkOyubRiUX6T+6Cipgu0mbq0yODW2l/kEn1y6/wh9FHIBiy+a1W6vpHRPUgOoO33sA2y1Q+CU7cxfiCJxydyl2yH9/Mpy5xduyTPIQcllChE+nudfKVNrc0rX5PTjk5hFMtt6U6Apr9w2+cVvAu1FiHk/yBB5AcbaF2u/obKxKuzbuOtkI3unayBrfdKtS0Mgbuq7CDTogYncJGAg+nioLNLpKHIu3QNj17RC7Yb/0VKrczAiXIEY1KVXuhkYE4FqCQ2OWPuqnhIYxLv2UVeiL5crfIDv/t1VkUiH4MI6cZcgS/jLeCzbDUxDWkS2HpvwujFzQzHeIlXHh6Ot2Weh7a7FaSoebFFeHc/vFpIyDQbcBZeoLGaJbFQiLLW79UARhYBjJBd1H37d1ln7x30ylUWzvxLlRxuRo1RoyQDkKaDNkQ2u2OUPrMTVgAKoUc= xussein@diploma\n"
            },
            "metadata_options": [
              {
                "aws_v1_http_endpoint": 1,
                "aws_v1_http_token": 2,
                "gce_http_endpoint": 1,
                "gce_http_token": 1
              }
            ],
            "name": "web-server-1",
            "network_acceleration_type": "standard",
            "network_interface": [
              {
                "dns_record": [],
                "index": 0,
                "ip_address": "10.0.2.5",
                "ipv4": true,
                "ipv6": false,
                "ipv6_address": "",
                "ipv6_dns_record": [],
                "mac_address": "d0:0d:1d:a0:a4:c3",
                "nat": false,
                "nat_dns_record": [],
                "nat_ip_address": "",
                "nat_ip_version": "",
                "security_group_ids": [],
                "subnet_id": "e9ba8h58o7kkraa03efj"
              }
            ],
            "placement_policy": [
              {
                "host_affinity_rules": [],
                "placement_group_id": "",
                "placement_group_partition": 0
              }
            ],
            "platform_id": "standard-v2",
            "resources": [
              {
                "core_fraction": 100,
                "cores": 2,
                "gpus": 0,
                "memory": 2
              }
            ],
            "scheduling_policy": [
              {
                "preemptible": true
              }
            ],
            "secondary_disk": [],
            "service_account_id": "",
            "status": "running",
            "timeouts": null,
            "zone": "ru-central1-a"
          },
          "sensitive_attributes": [],
          "private": "eyJlMmJmYjczMC1lY2FhLTExZTYtOGY4OC0zNDM2M2JjN2M0YzAiOnsiY3JlYXRlIjozMDAwMDAwMDAwMDAsImRlbGV0ZSI6MzAwMDAwMDAwMDAwLCJ1cGRhdGUiOjMwMDAwMDAwMDAwMH0sInNjaGVtYV92ZXJzaW9uIjoiMSJ9",
          "dependencies": [
            "yandex_vpc_network.main",
            "yandex_vpc_subnet.private-a"
          ]
        }
      ]
    },
    {
      "mode": "managed",
      "type": "yandex_compute_instance",
      "name": "web_server_2",
      "provider": "provider[\"registry.terraform.io/yandex-cloud/yandex\"]",
      "instances": [
        {
          "schema_version": 1,
          "attributes": {
            "allow_recreate": null,
            "allow_stopping_for_update": null,
            "boot_disk": [
              {
                "auto_delete": true,
                "device_name": "epdgbhcmr8f2etet56em",
                "disk_id": "epdgbhcmr8f2etet56em",
                "initialize_params": [
                  {
                    "block_size": 4096,
                    "description": "",
                    "image_id": "fd8re3hiqnikqr7j7m8s",
                    "name": "",
                    "size": 10,
                    "snapshot_id": "",
                    "type": "network-hdd"
                  }
                ],
                "mode": "READ_WRITE"
              }
            ],
            "created_at": "2024-06-15T20:11:29Z",
            "description": "",
            "filesystem": [],
            "folder_id": "b1ghitn6n7m4ui0tnhfd",
            "fqdn": "web-server-2.ru-central1.internal",
            "gpu_cluster_id": "",
            "hostname": "web-server-2",
            "id": "epdnc4btcm2fu9r0h0vm",
            "labels": {},
            "local_disk": [],
            "maintenance_grace_period": "",
            "maintenance_policy": null,
            "metadata": {
              "ssh-keys": "xussein:ssh-rsa AAAAB3NzaC1yc2EAAAADAQABAAABgQCmS2Fsvpsk/Ml29YWqAnv2VWmoZnKsRKG8D8b1lO0J7u4tF0PkF/VifS13QI9/DE89jkOyubRiUX6T+6Cipgu0mbq0yODW2l/kEn1y6/wh9FHIBiy+a1W6vpHRPUgOoO33sA2y1Q+CU7cxfiCJxydyl2yH9/Mpy5xduyTPIQcllChE+nudfKVNrc0rX5PTjk5hFMtt6U6Apr9w2+cVvAu1FiHk/yBB5AcbaF2u/obKxKuzbuOtkI3unayBrfdKtS0Mgbuq7CDTogYncJGAg+nioLNLpKHIu3QNj17RC7Yb/0VKrczAiXIEY1KVXuhkYE4FqCQ2OWPuqnhIYxLv2UVeiL5crfIDv/t1VkUiH4MI6cZcgS/jLeCzbDUxDWkS2HpvwujFzQzHeIlXHh6Ot2Weh7a7FaSoebFFeHc/vFpIyDQbcBZeoLGaJbFQiLLW79UARhYBjJBd1H37d1ln7x30ylUWzvxLlRxuRo1RoyQDkKaDNkQ2u2OUPrMTVgAKoUc= xussein@diploma\n"
            },
            "metadata_options": [
              {
                "aws_v1_http_endpoint": 1,
                "aws_v1_http_token": 2,
                "gce_http_endpoint": 1,
                "gce_http_token": 1
              }
            ],
            "name": "web-server-2",
            "network_acceleration_type": "standard",
            "network_interface": [
              {
                "dns_record": [],
                "index": 0,
                "ip_address": "10.0.3.23",
                "ipv4": true,
                "ipv6": false,
                "ipv6_address": "",
                "ipv6_dns_record": [],
                "mac_address": "d0:0d:17:61:17:d6",
                "nat": false,
                "nat_dns_record": [],
                "nat_ip_address": "",
                "nat_ip_version": "",
                "security_group_ids": [],
                "subnet_id": "e2ls1goomntj3aa1etpm"
              }
            ],
            "placement_policy": [
              {
                "host_affinity_rules": [],
                "placement_group_id": "",
                "placement_group_partition": 0
              }
            ],
            "platform_id": "standard-v2",
            "resources": [
              {
                "core_fraction": 100,
                "cores": 2,
                "gpus": 0,
                "memory": 2
              }
            ],
            "scheduling_policy": [
              {
                "preemptible": true
              }
            ],
            "secondary_disk": [],
            "service_account_id": "",
            "status": "running",
            "timeouts": null,
            "zone": "ru-central1-b"
          },
          "sensitive_attributes": [],
          "private": "eyJlMmJmYjczMC1lY2FhLTExZTYtOGY4OC0zNDM2M2JjN2M0YzAiOnsiY3JlYXRlIjozMDAwMDAwMDAwMDAsImRlbGV0ZSI6MzAwMDAwMDAwMDAwLCJ1cGRhdGUiOjMwMDAwMDAwMDAwMH0sInNjaGVtYV92ZXJzaW9uIjoiMSJ9",
          "dependencies": [
            "yandex_vpc_network.main",
            "yandex_vpc_subnet.private-b"
          ]
        }
      ]
    },
    {
      "mode": "managed",
      "type": "yandex_compute_instance",
      "name": "zabbix",
      "provider": "provider[\"registry.terraform.io/yandex-cloud/yandex\"]",
      "instances": [
        {
          "schema_version": 1,
          "attributes": {
            "allow_recreate": null,
            "allow_stopping_for_update": null,
            "boot_disk": [
              {
                "auto_delete": true,
                "device_name": "fhmmcmsh7aa618uq9n2c",
                "disk_id": "fhmmcmsh7aa618uq9n2c",
                "initialize_params": [
                  {
                    "block_size": 4096,
                    "description": "",
                    "image_id": "fd8re3hiqnikqr7j7m8s",
                    "name": "",
                    "size": 10,
                    "snapshot_id": "",
                    "type": "network-hdd"
                  }
                ],
                "mode": "READ_WRITE"
              }
            ],
            "created_at": "2024-06-15T20:11:29Z",
            "description": "",
            "filesystem": [],
            "folder_id": "b1ghitn6n7m4ui0tnhfd",
            "fqdn": "zabbix.ru-central1.internal",
            "gpu_cluster_id": "",
            "hostname": "zabbix",
            "id": "fhmblsu4neasj7ltfkb6",
            "labels": {},
            "local_disk": [],
            "maintenance_grace_period": "",
            "maintenance_policy": null,
            "metadata": {
              "ssh-keys": "xussein:ssh-rsa AAAAB3NzaC1yc2EAAAADAQABAAABgQCmS2Fsvpsk/Ml29YWqAnv2VWmoZnKsRKG8D8b1lO0J7u4tF0PkF/VifS13QI9/DE89jkOyubRiUX6T+6Cipgu0mbq0yODW2l/kEn1y6/wh9FHIBiy+a1W6vpHRPUgOoO33sA2y1Q+CU7cxfiCJxydyl2yH9/Mpy5xduyTPIQcllChE+nudfKVNrc0rX5PTjk5hFMtt6U6Apr9w2+cVvAu1FiHk/yBB5AcbaF2u/obKxKuzbuOtkI3unayBrfdKtS0Mgbuq7CDTogYncJGAg+nioLNLpKHIu3QNj17RC7Yb/0VKrczAiXIEY1KVXuhkYE4FqCQ2OWPuqnhIYxLv2UVeiL5crfIDv/t1VkUiH4MI6cZcgS/jLeCzbDUxDWkS2HpvwujFzQzHeIlXHh6Ot2Weh7a7FaSoebFFeHc/vFpIyDQbcBZeoLGaJbFQiLLW79UARhYBjJBd1H37d1ln7x30ylUWzvxLlRxuRo1RoyQDkKaDNkQ2u2OUPrMTVgAKoUc= xussein@diploma\n"
            },
            "metadata_options": [
              {
                "aws_v1_http_endpoint": 1,
                "aws_v1_http_token": 2,
                "gce_http_endpoint": 1,
                "gce_http_token": 1
              }
            ],
            "name": "zabbix",
            "network_acceleration_type": "standard",
            "network_interface": [
              {
                "dns_record": [],
                "index": 0,
                "ip_address": "10.0.4.7",
                "ipv4": true,
                "ipv6": false,
                "ipv6_address": "",
                "ipv6_dns_record": [],
                "mac_address": "d0:0d:ba:f3:c4:bb",
                "nat": true,
                "nat_dns_record": [],
                "nat_ip_address": "158.160.48.175",
                "nat_ip_version": "IPV4",
                "security_group_ids": [],
                "subnet_id": "e9b5p7re4fhdp4kkesjf"
              }
            ],
            "placement_policy": [
              {
                "host_affinity_rules": [],
                "placement_group_id": "",
                "placement_group_partition": 0
              }
            ],
            "platform_id": "standard-v2",
            "resources": [
              {
                "core_fraction": 100,
                "cores": 2,
                "gpus": 0,
                "memory": 4
              }
            ],
            "scheduling_policy": [
              {
                "preemptible": false
              }
            ],
            "secondary_disk": [],
            "service_account_id": "",
            "status": "running",
            "timeouts": null,
            "zone": "ru-central1-a"
          },
          "sensitive_attributes": [],
          "private": "eyJlMmJmYjczMC1lY2FhLTExZTYtOGY4OC0zNDM2M2JjN2M0YzAiOnsiY3JlYXRlIjozMDAwMDAwMDAwMDAsImRlbGV0ZSI6MzAwMDAwMDAwMDAwLCJ1cGRhdGUiOjMwMDAwMDAwMDAwMH0sInNjaGVtYV92ZXJzaW9uIjoiMSJ9",
          "dependencies": [
            "yandex_vpc_network.main",
            "yandex_vpc_subnet.public"
          ]
        }
      ]
    },
    {
      "mode": "managed",
      "type": "yandex_compute_snapshot_schedule",
      "name": "default",
      "provider": "provider[\"registry.terraform.io/yandex-cloud/yandex\"]",
      "instances": [
        {
          "schema_version": 0,
          "attributes": {
            "created_at": "2024-06-15T20:12:06Z",
            "description": "",
            "disk_ids": [
              "epdgbhcmr8f2etet56em",
              "fhm70vq52ebgc7lk9h9i",
              "fhmihhisfnafbf1lin9h",
              "fhmmcmsh7aa618uq9n2c",
              "fhmrdij0tlo1a9ubi1n8",
              "fhmur3dhdp881ooirroq"
            ],
            "folder_id": "b1ghitn6n7m4ui0tnhfd",
            "id": "fd84a8tfcc9s7o59sj85",
            "labels": {},
            "name": "daily-snapshots",
            "retention_period": "",
            "schedule_policy": [
              {
                "expression": "0 2 * * *",
                "start_at": "1970-01-01T00:00:00Z"
              }
            ],
            "snapshot_count": 5,
            "snapshot_spec": [
              {
                "description": "Daily snapshot",
                "labels": {}
              }
            ],
            "status": "active",
            "timeouts": null
          },
          "sensitive_attributes": [],
          "private": "eyJlMmJmYjczMC1lY2FhLTExZTYtOGY4OC0zNDM2M2JjN2M0YzAiOnsiY3JlYXRlIjozMDAwMDAwMDAwMDAsImRlbGV0ZSI6MzAwMDAwMDAwMDAwLCJ1cGRhdGUiOjMwMDAwMDAwMDAwMH19",
          "dependencies": [
            "yandex_compute_instance.bastion",
            "yandex_compute_instance.elasticsearch",
            "yandex_compute_instance.kibana",
            "yandex_compute_instance.web_server_1",
            "yandex_compute_instance.web_server_2",
            "yandex_compute_instance.zabbix",
            "yandex_vpc_network.main",
            "yandex_vpc_subnet.private-a",
            "yandex_vpc_subnet.private-b",
            "yandex_vpc_subnet.public"
          ]
        }
      ]
    },
    {
      "mode": "managed",
      "type": "yandex_vpc_network",
      "name": "main",
      "provider": "provider[\"registry.terraform.io/yandex-cloud/yandex\"]",
      "instances": [
        {
          "schema_version": 0,
          "attributes": {
            "created_at": "2024-06-15T20:11:25Z",
            "default_security_group_id": "enpvgkl334dpvk0hcllb",
            "description": "",
            "folder_id": "b1ghitn6n7m4ui0tnhfd",
            "id": "enp83uam69ocjmbfk7h0",
            "labels": {},
            "name": "main-network",
            "subnet_ids": [
              "e2ls1goomntj3aa1etpm",
              "e9b5p7re4fhdp4kkesjf",
              "e9ba8h58o7kkraa03efj"
            ],
            "timeouts": null
          },
          "sensitive_attributes": [],
          "private": "eyJlMmJmYjczMC1lY2FhLTExZTYtOGY4OC0zNDM2M2JjN2M0YzAiOnsiY3JlYXRlIjo2MDAwMDAwMDAwMCwiZGVsZXRlIjo2MDAwMDAwMDAwMCwidXBkYXRlIjo2MDAwMDAwMDAwMH19"
        }
      ]
    },
    {
      "mode": "managed",
      "type": "yandex_vpc_security_group",
      "name": "bastion",
      "provider": "provider[\"registry.terraform.io/yandex-cloud/yandex\"]",
      "instances": [
        {
          "schema_version": 0,
          "attributes": {
            "created_at": "2024-06-15T20:29:52Z",
            "description": "",
            "egress": [
              {
                "description": "any",
                "from_port": 1,
                "id": "enpe7odjgtct8kthghj8",
                "labels": {},
                "port": -1,
                "predefined_target": "",
                "protocol": "ANY",
                "security_group_id": "",
                "to_port": 65535,
                "v4_cidr_blocks": [
                  "0.0.0.0/0"
                ],
                "v6_cidr_blocks": []
              }
            ],
            "folder_id": "b1ghitn6n7m4ui0tnhfd",
            "id": "enp0o1ph64tbvn753833",
            "ingress": [
              {
                "description": "Allow SSH",
                "from_port": -1,
                "id": "enpbsdkmu8c5tccv5fvt",
                "labels": {},
                "port": 22,
                "predefined_target": "",
                "protocol": "TCP",
                "security_group_id": "",
                "to_port": -1,
                "v4_cidr_blocks": [
                  "0.0.0.0/0"
                ],
                "v6_cidr_blocks": []
              },
              {
                "description": "Allow http/s proxy from Bastion",
                "from_port": -1,
                "id": "enpqljefsig5oagdhko1",
                "labels": {},
                "port": 8888,
                "predefined_target": "",
                "protocol": "TCP",
                "security_group_id": "",
                "to_port": -1,
                "v4_cidr_blocks": [
                  "10.0.4.0/24"
                ],
                "v6_cidr_blocks": []
              }
            ],
            "labels": {},
            "name": "bastion-security-group",
            "network_id": "enp83uam69ocjmbfk7h0",
            "status": "ACTIVE",
            "timeouts": null
          },
          "sensitive_attributes": [],
          "private": "eyJlMmJmYjczMC1lY2FhLTExZTYtOGY4OC0zNDM2M2JjN2M0YzAiOnsiY3JlYXRlIjoxODAwMDAwMDAwMDAsImRlbGV0ZSI6MTgwMDAwMDAwMDAwLCJ1cGRhdGUiOjE4MDAwMDAwMDAwMH19",
          "dependencies": [
            "yandex_vpc_network.main",
            "yandex_vpc_subnet.public"
          ]
        }
      ]
    },
    {
      "mode": "managed",
      "type": "yandex_vpc_security_group",
      "name": "elasticsearch",
      "provider": "provider[\"registry.terraform.io/yandex-cloud/yandex\"]",
      "instances": [
        {
          "schema_version": 0,
          "attributes": {
            "created_at": "2024-06-15T20:29:49Z",
            "description": "",
            "egress": [
              {
                "description": "any",
                "from_port": 1,
                "id": "enpj8l34r2snaj7f7d09",
                "labels": {},
                "port": -1,
                "predefined_target": "",
                "protocol": "ANY",
                "security_group_id": "",
                "to_port": 65535,
                "v4_cidr_blocks": [
                  "0.0.0.0/0"
                ],
                "v6_cidr_blocks": []
              }
            ],
            "folder_id": "b1ghitn6n7m4ui0tnhfd",
            "id": "enpc6rk912j0i283bt96",
            "ingress": [
              {
                "description": "Allow SSH from Bastion",
                "from_port": -1,
                "id": "enp7ncn3k3oqae71ikmr",
                "labels": {},
                "port": 22,
                "predefined_target": "",
                "protocol": "TCP",
                "security_group_id": "",
                "to_port": -1,
                "v4_cidr_blocks": [
                  "10.0.4.0/24"
                ],
                "v6_cidr_blocks": []
              },
              {
                "description": "Allow elastic traffic",
                "from_port": -1,
                "id": "enpi5q8gkkdt6qhmtjmg",
                "labels": {},
                "port": 9200,
                "predefined_target": "",
                "protocol": "TCP",
                "security_group_id": "",
                "to_port": -1,
                "v4_cidr_blocks": [
                  "10.0.3.0/24"
                ],
                "v6_cidr_blocks": []
              },
              {
                "description": "Allow logstash traffic from web servers",
                "from_port": -1,
                "id": "enpuh52p100cll784foc",
                "labels": {},
                "port": 5044,
                "predefined_target": "",
                "protocol": "TCP",
                "security_group_id": "",
                "to_port": -1,
                "v4_cidr_blocks": [
                  "10.0.1.0/24",
                  "10.0.2.0/24"
                ],
                "v6_cidr_blocks": []
              }
            ],
            "labels": {},
            "name": "elasticsearch-security-group",
            "network_id": "enp83uam69ocjmbfk7h0",
            "status": "ACTIVE",
            "timeouts": null
          },
          "sensitive_attributes": [],
          "private": "eyJlMmJmYjczMC1lY2FhLTExZTYtOGY4OC0zNDM2M2JjN2M0YzAiOnsiY3JlYXRlIjoxODAwMDAwMDAwMDAsImRlbGV0ZSI6MTgwMDAwMDAwMDAwLCJ1cGRhdGUiOjE4MDAwMDAwMDAwMH19",
          "dependencies": [
            "yandex_vpc_network.main",
            "yandex_vpc_subnet.public"
          ]
        }
      ]
    },
    {
      "mode": "managed",
      "type": "yandex_vpc_security_group",
      "name": "public_services",
      "provider": "provider[\"registry.terraform.io/yandex-cloud/yandex\"]",
      "instances": [
        {
          "schema_version": 0,
          "attributes": {
            "created_at": "2024-06-15T20:29:54Z",
            "description": "",
            "egress": [
              {
                "description": "any",
                "from_port": 1,
                "id": "enp9h04t95l71ol3e30v",
                "labels": {},
                "port": -1,
                "predefined_target": "",
                "protocol": "ANY",
                "security_group_id": "",
                "to_port": 65535,
                "v4_cidr_blocks": [
                  "0.0.0.0/0"
                ],
                "v6_cidr_blocks": []
              }
            ],
            "folder_id": "b1ghitn6n7m4ui0tnhfd",
            "id": "enpftq897e9gf2cpa2je",
            "ingress": [
              {
                "description": "Allow HTTP",
                "from_port": -1,
                "id": "enpj9pfg18jqhlsuegb2",
                "labels": {},
                "port": 80,
                "predefined_target": "",
                "protocol": "TCP",
                "security_group_id": "",
                "to_port": -1,
                "v4_cidr_blocks": [
                  "0.0.0.0/0"
                ],
                "v6_cidr_blocks": []
              },
              {
                "description": "Allow HTTPS",
                "from_port": -1,
                "id": "enpsc5phmpdvc4o68m3v",
                "labels": {},
                "port": 443,
                "predefined_target": "",
                "protocol": "TCP",
                "security_group_id": "",
                "to_port": -1,
                "v4_cidr_blocks": [
                  "0.0.0.0/0"
                ],
                "v6_cidr_blocks": []
              },
              {
                "description": "Allow SSH",
                "from_port": -1,
                "id": "enp5de1ei36136fp34ed",
                "labels": {},
                "port": 22,
                "predefined_target": "",
                "protocol": "TCP",
                "security_group_id": "",
                "to_port": -1,
                "v4_cidr_blocks": [
                  "0.0.0.0/0"
                ],
                "v6_cidr_blocks": []
              },
              {
                "description": "Allow Zabbix",
                "from_port": -1,
                "id": "enp13g02pm2do76pbqlm",
                "labels": {},
                "port": 10050,
                "predefined_target": "",
                "protocol": "TCP",
                "security_group_id": "",
                "to_port": -1,
                "v4_cidr_blocks": [
                  "0.0.0.0/0"
                ],
                "v6_cidr_blocks": []
              }
            ],
            "labels": {},
            "name": "public-services-security-group",
            "network_id": "enp83uam69ocjmbfk7h0",
            "status": "ACTIVE",
            "timeouts": null
          },
          "sensitive_attributes": [],
          "private": "eyJlMmJmYjczMC1lY2FhLTExZTYtOGY4OC0zNDM2M2JjN2M0YzAiOnsiY3JlYXRlIjoxODAwMDAwMDAwMDAsImRlbGV0ZSI6MTgwMDAwMDAwMDAwLCJ1cGRhdGUiOjE4MDAwMDAwMDAwMH19",
          "dependencies": [
            "yandex_vpc_network.main"
          ]
        }
      ]
    },
    {
      "mode": "managed",
      "type": "yandex_vpc_security_group",
      "name": "web",
      "provider": "provider[\"registry.terraform.io/yandex-cloud/yandex\"]",
      "instances": [
        {
          "schema_version": 0,
          "attributes": {
            "created_at": "2024-06-15T20:29:51Z",
            "description": "",
            "egress": [
              {
                "description": "any",
                "from_port": 1,
                "id": "enp0niicjj5m50gbboa6",
                "labels": {},
                "port": -1,
                "predefined_target": "",
                "protocol": "ANY",
                "security_group_id": "",
                "to_port": 65535,
                "v4_cidr_blocks": [
                  "0.0.0.0/0"
                ],
                "v6_cidr_blocks": []
              }
            ],
            "folder_id": "b1ghitn6n7m4ui0tnhfd",
            "id": "enpcedvoomtlg5dbuofk",
            "ingress": [
              {
                "description": "Allow HTTP",
                "from_port": -1,
                "id": "enpq3vlkprnqgn5kt0ih",
                "labels": {},
                "port": 80,
                "predefined_target": "",
                "protocol": "TCP",
                "security_group_id": "",
                "to_port": -1,
                "v4_cidr_blocks": [
                  "0.0.0.0/0"
                ],
                "v6_cidr_blocks": []
              },
              {
                "description": "Allow SSH from Bastion",
                "from_port": -1,
                "id": "enpcnucpji8vgqimj892",
                "labels": {},
                "port": 22,
                "predefined_target": "",
                "protocol": "TCP",
                "security_group_id": "",
                "to_port": -1,
                "v4_cidr_blocks": [
                  "10.0.4.0/24"
                ],
                "v6_cidr_blocks": []
              },
              {
                "description": "Allow zabbix agent",
                "from_port": -1,
                "id": "enp3pb871l85jdpr60bg",
                "labels": {},
                "port": 10050,
                "predefined_target": "",
                "protocol": "TCP",
                "security_group_id": "",
                "to_port": -1,
                "v4_cidr_blocks": [
                  "10.0.4.0/24"
                ],
                "v6_cidr_blocks": []
              },
              {
                "description": "healthchecks",
                "from_port": -1,
                "id": "enp52ln6lpigrf1mv7go",
                "labels": {},
                "port": 30080,
                "predefined_target": "loadbalancer_healthchecks",
                "protocol": "TCP",
                "security_group_id": "",
                "to_port": -1,
                "v4_cidr_blocks": [],
                "v6_cidr_blocks": []
              }
            ],
            "labels": {},
            "name": "web-security-group",
            "network_id": "enp83uam69ocjmbfk7h0",
            "status": "ACTIVE",
            "timeouts": null
          },
          "sensitive_attributes": [],
          "private": "eyJlMmJmYjczMC1lY2FhLTExZTYtOGY4OC0zNDM2M2JjN2M0YzAiOnsiY3JlYXRlIjoxODAwMDAwMDAwMDAsImRlbGV0ZSI6MTgwMDAwMDAwMDAwLCJ1cGRhdGUiOjE4MDAwMDAwMDAwMH19",
          "dependencies": [
            "yandex_vpc_network.main",
            "yandex_vpc_subnet.public"
          ]
        }
      ]
    },
    {
      "mode": "managed",
      "type": "yandex_vpc_subnet",
      "name": "private-a",
      "provider": "provider[\"registry.terraform.io/yandex-cloud/yandex\"]",
      "instances": [
        {
          "schema_version": 0,
          "attributes": {
            "created_at": "2024-06-15T20:11:28Z",
            "description": "",
            "dhcp_options": [],
            "folder_id": "b1ghitn6n7m4ui0tnhfd",
            "id": "e9ba8h58o7kkraa03efj",
            "labels": {},
            "name": "private-subnet-a",
            "network_id": "enp83uam69ocjmbfk7h0",
            "route_table_id": "",
            "timeouts": null,
            "v4_cidr_blocks": [
              "10.0.2.0/24"
            ],
            "v6_cidr_blocks": [],
            "zone": "ru-central1-a"
          },
          "sensitive_attributes": [],
          "private": "eyJlMmJmYjczMC1lY2FhLTExZTYtOGY4OC0zNDM2M2JjN2M0YzAiOnsiY3JlYXRlIjoxODAwMDAwMDAwMDAsImRlbGV0ZSI6MTgwMDAwMDAwMDAwLCJ1cGRhdGUiOjE4MDAwMDAwMDAwMH19",
          "dependencies": [
            "yandex_vpc_network.main"
          ]
        }
      ]
    },
    {
      "mode": "managed",
      "type": "yandex_vpc_subnet",
      "name": "private-b",
      "provider": "provider[\"registry.terraform.io/yandex-cloud/yandex\"]",
      "instances": [
        {
          "schema_version": 0,
          "attributes": {
            "created_at": "2024-06-15T20:11:28Z",
            "description": "",
            "dhcp_options": [],
            "folder_id": "b1ghitn6n7m4ui0tnhfd",
            "id": "e2ls1goomntj3aa1etpm",
            "labels": {},
            "name": "private-subnet-b",
            "network_id": "enp83uam69ocjmbfk7h0",
            "route_table_id": "",
            "timeouts": null,
            "v4_cidr_blocks": [
              "10.0.3.0/24"
            ],
            "v6_cidr_blocks": [],
            "zone": "ru-central1-b"
          },
          "sensitive_attributes": [],
          "private": "eyJlMmJmYjczMC1lY2FhLTExZTYtOGY4OC0zNDM2M2JjN2M0YzAiOnsiY3JlYXRlIjoxODAwMDAwMDAwMDAsImRlbGV0ZSI6MTgwMDAwMDAwMDAwLCJ1cGRhdGUiOjE4MDAwMDAwMDAwMH19",
          "dependencies": [
            "yandex_vpc_network.main"
          ]
        }
      ]
    },
    {
      "mode": "managed",
      "type": "yandex_vpc_subnet",
      "name": "public",
      "provider": "provider[\"registry.terraform.io/yandex-cloud/yandex\"]",
      "instances": [
        {
          "schema_version": 0,
          "attributes": {
            "created_at": "2024-06-15T20:11:28Z",
            "description": "",
            "dhcp_options": [],
            "folder_id": "b1ghitn6n7m4ui0tnhfd",
            "id": "e9b5p7re4fhdp4kkesjf",
            "labels": {},
            "name": "public-subnet",
            "network_id": "enp83uam69ocjmbfk7h0",
            "route_table_id": "",
            "timeouts": null,
            "v4_cidr_blocks": [
              "10.0.4.0/24"
            ],
            "v6_cidr_blocks": [],
            "zone": "ru-central1-a"
          },
          "sensitive_attributes": [],
          "private": "eyJlMmJmYjczMC1lY2FhLTExZTYtOGY4OC0zNDM2M2JjN2M0YzAiOnsiY3JlYXRlIjoxODAwMDAwMDAwMDAsImRlbGV0ZSI6MTgwMDAwMDAwMDAwLCJ1cGRhdGUiOjE4MDAwMDAwMDAwMH19",
          "dependencies": [
            "yandex_vpc_network.main"
          ]
        }
      ]
    }
  ],
  "check_results": null
}
